{
  "name": "bobril-redux",
  "version": "1.0.0",
  "lockfileVersion": 1,
  "requires": true,
  "dependencies": {
    "bobril": {
      "version": "13.1.1",
      "resolved": "http://avignon.gmc.net:10004/bobril/-/bobril-13.1.1.tgz",
      "integrity": "sha512-V86BHkprRETWDiYjBmWIIC3rLRwnOL2Gs8Ljg3+zOre8g7ecO7WP7x5Vlm4ny0fxoYq4/QwkgioUsAI+dkMFdA=="
    },
    "bobril-build": {
      "version": "2.2.0",
      "resolved": "http://avignon.gmc.net:10004/bobril-build/-/bobril-build-2.2.0.tgz",
      "integrity": "sha512-UEolcHIj1ArMxXeeKtU2l+2Liuf5MveQQC66n4wSpJv2psXJpSdStP1fAB3rCUVCmp//CR/gY/0q3S66gl2vbg==",
      "requires": {
        "yauzl": "^2.9.1"
      }
    },
    "bobril-hook-testing": {
      "version": "0.0.6",
      "resolved": "http://avignon.gmc.net:10004/bobril-hook-testing/-/bobril-hook-testing-0.0.6.tgz",
      "integrity": "sha512-TeSk37JXmhyy9vtK1uLTHX/NCJ4vVfBsD33/9T4oNJWDOVtTno4XNpfr2ep++GZvipeAsY75eVAgtpf5qFGQbg==",
      "requires": {
        "bobril": "^11.6.0",
        "bobril-build": "^2.2.0",
        "typescript": "^3.5.3"
      },
      "dependencies": {
        "bobril": {
          "version": "11.7.0",
          "resolved": "http://avignon.gmc.net:10004/bobril/-/bobril-11.7.0.tgz",
          "integrity": "sha512-pAs0ySMz3gusC2TbQGtZQBtEIIbKv6v8AOLiHDNJxptliWSTCDSkK71u3zJ3gL8o5aho6I1FLDSsI3h4qqVmHA=="
        }
      }
    },
    "buffer-crc32": {
      "version": "0.2.13",
      "resolved": "http://avignon.gmc.net:10004/buffer-crc32/-/buffer-crc32-0.2.13.tgz",
      "integrity": "sha1-DTM+PwDqxQqhRUq9MO+MKl2ackI="
    },
    "fd-slicer": {
      "version": "1.1.0",
      "resolved": "http://avignon.gmc.net:10004/fd-slicer/-/fd-slicer-1.1.0.tgz",
      "integrity": "sha1-JcfInLH5B3+IkbvmHY85Dq4lbx4=",
      "requires": {
        "pend": "~1.2.0"
      }
    },
    "js-tokens": {
      "version": "4.0.0",
      "resolved": "http://avignon.gmc.net:10004/js-tokens/-/js-tokens-4.0.0.tgz",
      "integrity": "sha512-RdJUflcE3cUzKiMqQgsCu06FPu9UdIJO0beYbPhHN4k6apgJtifcoCtT9bcxOpYBtpD2kCM6Sbzg4CausW/PKQ=="
    },
    "loose-envify": {
      "version": "1.4.0",
      "resolved": "http://avignon.gmc.net:10004/loose-envify/-/loose-envify-1.4.0.tgz",
      "integrity": "sha512-lyuxPGr/Wfhrlem2CL/UcnUc1zcqKAImBDzukY7Y5F/yQiNdko6+fRLevlw1HgMySw7f611UIY408EtxRSoK3Q==",
      "requires": {
        "js-tokens": "^3.0.0 || ^4.0.0"
      }
    },
    "pend": {
      "version": "1.2.0",
      "resolved": "http://avignon.gmc.net:10004/pend/-/pend-1.2.0.tgz",
      "integrity": "sha1-elfrVQpng/kRUzH89GY9XI4AelA="
    },
    "redux": {
      "version": "4.0.4",
      "resolved": "http://avignon.gmc.net:10004/redux/-/redux-4.0.4.tgz",
      "integrity": "sha512-vKv4WdiJxOWKxK0yRoaK3Y4pxxB0ilzVx6dszU2W8wLxlb2yikRph4iV/ymtdJ6ZxpBLFbyrxklnT5yBbQSl3Q==",
      "requires": {
        "loose-envify": "^1.4.0",
        "symbol-observable": "^1.2.0"
      }
    },
    "symbol-observable": {
      "version": "1.2.0",
      "resolved": "http://avignon.gmc.net:10004/symbol-observable/-/symbol-observable-1.2.0.tgz",
      "integrity": "sha512-e900nM8RRtGhlV36KGEU9k65K3mPb1WV70OdjfxlG2EAuM1noi/E/BaW/uMhL7bPEssK8QV57vN3esixjUvcXQ=="
    },
    "typescript": {
      "version": "3.7.2",
      "resolved": "http://avignon.gmc.net:10004/typescript/-/typescript-3.7.2.tgz",
      "integrity": "sha512-ml7V7JfiN2Xwvcer+XAf2csGO1bPBdRbFCkYBczNZggrBZ9c7G3riSUeJmqEU5uOtXNPMhE3n+R4FA/3YOAWOQ=="
    },
    "yauzl": {
      "version": "2.10.0",
      "resolved": "http://avignon.gmc.net:10004/yauzl/-/yauzl-2.10.0.tgz",
      "integrity": "sha1-x+sXyT4RLLEIb6bY5R+wZnt5pfk=",
      "requires": {
        "buffer-crc32": "~0.2.3",
        "fd-slicer": "~1.1.0"
      }
    }
  }
}
